
Microsoft Visual Studio Solution File, Format Version 12.00
# Visual Studio Version 17
VisualStudioVersion = 17.1.32421.90
MinimumVisualStudioVersion = 10.0.40219.1
Project("{FAE04EC0-301F-11D3-BF4B-00C04F79EFBC}") = "blog", "blog\blog.csproj", "{F88156A8-F2A5-44F2-B796-62B1A762F933}"
EndProject
Global
	GlobalSection(SolutionConfigurationPlatforms) = preSolution
		Debug|Any CPU = Debug|Any CPU
		Release|Any CPU = Release|Any CPU
	EndGlobalSection
	GlobalSection(ProjectConfigurationPlatforms) = postSolution
		{F88156A8-F2A5-44F2-B796-62B1A762F933}.Debug|Any CPU.ActiveCfg = Debug|Any CPU
		{F88156A8-F2A5-44F2-B796-62B1A762F933}.Debug|Any CPU.Build.0 = Debug|Any CPU
		{F88156A8-F2A5-44F2-B796-62B1A762F933}.Release|Any CPU.ActiveCfg = Release|Any CPU
		{F88156A8-F2A5-44F2-B796-62B1A762F933}.Release|Any CPU.Build.0 = Release|Any CPU
	EndGlobalSection
	GlobalSection(SolutionProperties) = preSolution
		HideSolutionNode = FALSE
	EndGlobalSection
	GlobalSection(ExtensibilityGlobals) = postSolution
		SolutionGuid = {48A2BE42-51F9-4650-91F1-F775F37F005F}
	EndGlobalSection
EndGlobal
